// !$*UTF8*$!
{
	archiveVersion = 1;
	classes = {
	};
	objectVersion = 77;
	objects = {

/* Begin PBXContainerItemProxy section */
		633FDAF92CB96B2A00DC5652 /* PBXContainerItemProxy */ = {
			isa = PBXContainerItemProxy;
			containerPortal = 633FDAE02CB96B2900DC5652 /* Project object */;
			proxyType = 1;
			remoteGlobalIDString = 633FDAE72CB96B2900DC5652;
			remoteInfo = BerryQuest;
		};
		633FDB032CB96B2A00DC5652 /* PBXContainerItemProxy */ = {
			isa = PBXContainerItemProxy;
			containerPortal = 633FDAE02CB96B2900DC5652 /* Project object */;
			proxyType = 1;
			remoteGlobalIDString = 633FDAE72CB96B2900DC5652;
			remoteInfo = BerryQuest;
		};
/* End PBXContainerItemProxy section */

/* Begin PBXFileReference section */
		633FDAE82CB96B2900DC5652 /* BerryQuest.app */ = {isa = PBXFileReference; explicitFileType = wrapper.application; includeInIndex = 0; path = BerryQuest.app; sourceTree = BUILT_PRODUCTS_DIR; };
		633FDAF82CB96B2A00DC5652 /* BerryQuestTests.xctest */ = {isa = PBXFileReference; explicitFileType = wrapper.cfbundle; includeInIndex = 0; path = BerryQuestTests.xctest; sourceTree = BUILT_PRODUCTS_DIR; };
		633FDB022CB96B2A00DC5652 /* BerryQuestUITests.xctest */ = {isa = PBXFileReference; explicitFileType = wrapper.cfbundle; includeInIndex = 0; path = BerryQuestUITests.xctest; sourceTree = BUILT_PRODUCTS_DIR; };
/* End PBXFileReference section */

/* Begin PBXFileSystemSynchronizedRootGroup section */
		633FDAEA2CB96B2900DC5652 /* BerryQuest */ = {
			isa = PBXFileSystemSynchronizedRootGroup;
			path = BerryQuest;
			sourceTree = "<group>";
		};
		633FDAFB2CB96B2A00DC5652 /* BerryQuestTests */ = {
			isa = PBXFileSystemSynchronizedRootGroup;
			path = BerryQuestTests;
			sourceTree = "<group>";
		};
		633FDB052CB96B2A00DC5652 /* BerryQuestUITests */ = {
			isa = PBXFileSystemSynchronizedRootGroup;
			path = BerryQuestUITests;
			sourceTree = "<group>";
		};
/* End PBXFileSystemSynchronizedRootGroup section */

/* Begin PBXFrameworksBuildPhase section */
		633FDAE52CB96B2900DC5652 /* Frameworks */ = {
			isa = PBXFrameworksBuildPhase;
			buildActionMask = 2147483647;
			files = (
			);
			runOnlyForDeploymentPostprocessing = 0;
		};
		633FDAF52CB96B2A00DC5652 /* Frameworks */ = {
			isa = PBXFrameworksBuildPhase;
			buildActionMask = 2147483647;
			files = (
			);
			runOnlyForDeploymentPostprocessing = 0;
		};
		633FDAFF2CB96B2A00DC5652 /* Frameworks */ = {
			isa = PBXFrameworksBuildPhase;
			buildActionMask = 2147483647;
			files = (
			);
			runOnlyForDeploymentPostprocessing = 0;
		};
/* End PBXFrameworksBuildPhase section */

/* Begin PBXGroup section */
		633FDADF2CB96B2900DC5652 = {
			isa = PBXGroup;
			children = (
				633FDAEA2CB96B2900DC5652 /* BerryQuest */,
				633FDAFB2CB96B2A00DC5652 /* BerryQuestTests */,
				633FDB052CB96B2A00DC5652 /* BerryQuestUITests */,
				633FDAE92CB96B2900DC5652 /* Products */,
			);
			sourceTree = "<group>";
		};
		633FDAE92CB96B2900DC5652 /* Products */ = {
			isa = PBXGroup;
			children = (
				633FDAE82CB96B2900DC5652 /* BerryQuest.app */,
				633FDAF82CB96B2A00DC5652 /* BerryQuestTests.xctest */,
				633FDB022CB96B2A00DC5652 /* BerryQuestUITests.xctest */,
			);
			name = Products;
			sourceTree = "<group>";
		};
/* End PBXGroup section */

/* Begin PBXNativeTarget section */
		633FDAE72CB96B2900DC5652 /* BerryQuest */ = {
			isa = PBXNativeTarget;
			buildConfigurationList = 633FDB0C2CB96B2A00DC5652 /* Build configuration list for PBXNativeTarget "BerryQuest" */;
			buildPhases = (
				633FDAE42CB96B2900DC5652 /* Sources */,
				633FDAE52CB96B2900DC5652 /* Frameworks */,
				633FDAE62CB96B2900DC5652 /* Resources */,
			);
			buildRules = (
			);
			dependencies = (
			);
			fileSystemSynchronizedGroups = (
				633FDAEA2CB96B2900DC5652 /* BerryQuest */,
			);
			name = BerryQuest;
			packageProductDependencies = (
			);
			productName = BerryQuest;
			productReference = 633FDAE82CB96B2900DC5652 /* BerryQuest.app */;
			productType = "com.apple.product-type.application";
		};
		633FDAF72CB96B2A00DC5652 /* BerryQuestTests */ = {
			isa = PBXNativeTarget;
			buildConfigurationList = 633FDB0F2CB96B2A00DC5652 /* Build configuration list for PBXNativeTarget "BerryQuestTests" */;
			buildPhases = (
				633FDAF42CB96B2A00DC5652 /* Sources */,
				633FDAF52CB96B2A00DC5652 /* Frameworks */,
				633FDAF62CB96B2A00DC5652 /* Resources */,
			);
			buildRules = (
			);
			dependencies = (
				633FDAFA2CB96B2A00DC5652 /* PBXTargetDependency */,
			);
			fileSystemSynchronizedGroups = (
				633FDAFB2CB96B2A00DC5652 /* BerryQuestTests */,
			);
			name = BerryQuestTests;
			packageProductDependencies = (
			);
			productName = BerryQuestTests;
			productReference = 633FDAF82CB96B2A00DC5652 /* BerryQuestTests.xctest */;
			productType = "com.apple.product-type.bundle.unit-test";
		};
		633FDB012CB96B2A00DC5652 /* BerryQuestUITests */ = {
			isa = PBXNativeTarget;
			buildConfigurationList = 633FDB122CB96B2A00DC5652 /* Build configuration list for PBXNativeTarget "BerryQuestUITests" */;
			buildPhases = (
				633FDAFE2CB96B2A00DC5652 /* Sources */,
				633FDAFF2CB96B2A00DC5652 /* Frameworks */,
				633FDB002CB96B2A00DC5652 /* Resources */,
			);
			buildRules = (
			);
			dependencies = (
				633FDB042CB96B2A00DC5652 /* PBXTargetDependency */,
			);
			fileSystemSynchronizedGroups = (
				633FDB052CB96B2A00DC5652 /* BerryQuestUITests */,
			);
			name = BerryQuestUITests;
			packageProductDependencies = (
			);
			productName = BerryQuestUITests;
			productReference = 633FDB022CB96B2A00DC5652 /* BerryQuestUITests.xctest */;
			productType = "com.apple.product-type.bundle.ui-testing";
		};
/* End PBXNativeTarget section */

/* Begin PBXProject section */
		633FDAE02CB96B2900DC5652 /* Project object */ = {
			isa = PBXProject;
			attributes = {
				BuildIndependentTargetsInParallel = 1;
				LastSwiftUpdateCheck = 1600;
				LastUpgradeCheck = 1600;
				TargetAttributes = {
					633FDAE72CB96B2900DC5652 = {
						CreatedOnToolsVersion = 16.0;
					};
					633FDAF72CB96B2A00DC5652 = {
						CreatedOnToolsVersion = 16.0;
						TestTargetID = 633FDAE72CB96B2900DC5652;
					};
					633FDB012CB96B2A00DC5652 = {
						CreatedOnToolsVersion = 16.0;
						TestTargetID = 633FDAE72CB96B2900DC5652;
					};
				};
			};
			buildConfigurationList = 633FDAE32CB96B2900DC5652 /* Build configuration list for PBXProject "BerryQuest" */;
			developmentRegion = en;
			hasScannedForEncodings = 0;
			knownRegions = (
				en,
				Base,
			);
			mainGroup = 633FDADF2CB96B2900DC5652;
			minimizedProjectReferenceProxies = 1;
			preferredProjectObjectVersion = 77;
			productRefGroup = 633FDAE92CB96B2900DC5652 /* Products */;
			projectDirPath = "";
			projectRoot = "";
			targets = (
				633FDAE72CB96B2900DC5652 /* BerryQuest */,
				633FDAF72CB96B2A00DC5652 /* BerryQuestTests */,
				633FDB012CB96B2A00DC5652 /* BerryQuestUITests */,
			);
		};
/* End PBXProject section */

/* Begin PBXResourcesBuildPhase section */
		633FDAE62CB96B2900DC5652 /* Resources */ = {
			isa = PBXResourcesBuildPhase;
			buildActionMask = 2147483647;
			files = (
			);
			runOnlyForDeploymentPostprocessing = 0;
		};
		633FDAF62CB96B2A00DC5652 /* Resources */ = {
			isa = PBXResourcesBuildPhase;
			buildActionMask = 2147483647;
			files = (
			);
			runOnlyForDeploymentPostprocessing = 0;
		};
		633FDB002CB96B2A00DC5652 /* Resources */ = {
			isa = PBXResourcesBuildPhase;
			buildActionMask = 2147483647;
			files = (
			);
			runOnlyForDeploymentPostprocessing = 0;
		};
/* End PBXResourcesBuildPhase section */

/* Begin PBXSourcesBuildPhase section */
		633FDAE42CB96B2900DC5652 /* Sources */ = {
			isa = PBXSourcesBuildPhase;
			buildActionMask = 2147483647;
			files = (
			);
			runOnlyForDeploymentPostprocessing = 0;
		};
		633FDAF42CB96B2A00DC5652 /* Sources */ = {
			isa = PBXSourcesBuildPhase;
			buildActionMask = 2147483647;
			files = (
			);
			runOnlyForDeploymentPostprocessing = 0;
		};
		633FDAFE2CB96B2A00DC5652 /* Sources */ = {
			isa = PBXSourcesBuildPhase;
			buildActionMask = 2147483647;
			files = (
			);
			runOnlyForDeploymentPostprocessing = 0;
		};
/* End PBXSourcesBuildPhase section */

/* Begin PBXTargetDependency section */
		633FDAFA2CB96B2A00DC5652 /* PBXTargetDependency */ = {
			isa = PBXTargetDependency;
			target = 633FDAE72CB96B2900DC5652 /* BerryQuest */;
			targetProxy = 633FDAF92CB96B2A00DC5652 /* PBXContainerItemProxy */;
		};
		633FDB042CB96B2A00DC5652 /* PBXTargetDependency */ = {
			isa = PBXTargetDependency;
			target = 633FDAE72CB96B2900DC5652 /* BerryQuest */;
			targetProxy = 633FDB032CB96B2A00DC5652 /* PBXContainerItemProxy */;
		};
/* End PBXTargetDependency section */

/* Begin XCBuildConfiguration section */
		633FDB0A2CB96B2A00DC5652 /* Debug */ = {
			isa = XCBuildConfiguration;
			buildSettings = {
				ALWAYS_SEARCH_USER_PATHS = NO;
				ASSETCATALOG_COMPILER_GENERATE_SWIFT_ASSET_SYMBOL_EXTENSIONS = YES;
				CLANG_ANALYZER_NONNULL = YES;
				CLANG_ANALYZER_NUMBER_OBJECT_CONVERSION = YES_AGGRESSIVE;
				CLANG_CXX_LANGUAGE_STANDARD = "gnu++20";
				CLANG_ENABLE_MODULES = YES;
				CLANG_ENABLE_OBJC_ARC = YES;
				CLANG_ENABLE_OBJC_WEAK = YES;
				CLANG_WARN_BLOCK_CAPTURE_AUTORELEASING = YES;
				CLANG_WARN_BOOL_CONVERSION = YES;
				CLANG_WARN_COMMA = YES;
				CLANG_WARN_CONSTANT_CONVERSION = YES;
				CLANG_WARN_DEPRECATED_OBJC_IMPLEMENTATIONS = YES;
				CLANG_WARN_DIRECT_OBJC_ISA_USAGE = YES_ERROR;
				CLANG_WARN_DOCUMENTATION_COMMENTS = YES;
				CLANG_WARN_EMPTY_BODY = YES;
				CLANG_WARN_ENUM_CONVERSION = YES;
				CLANG_WARN_INFINITE_RECURSION = YES;
				CLANG_WARN_INT_CONVERSION = YES;
				CLANG_WARN_NON_LITERAL_NULL_CONVERSION = YES;
				CLANG_WARN_OBJC_IMPLICIT_RETAIN_SELF = YES;
				CLANG_WARN_OBJC_LITERAL_CONVERSION = YES;
				CLANG_WARN_OBJC_ROOT_CLASS = YES_ERROR;
				CLANG_WARN_QUOTED_INCLUDE_IN_FRAMEWORK_HEADER = YES;
				CLANG_WARN_RANGE_LOOP_ANALYSIS = YES;
				CLANG_WARN_STRICT_PROTOTYPES = YES;
				CLANG_WARN_SUSPICIOUS_MOVE = YES;
				CLANG_WARN_UNGUARDED_AVAILABILITY = YES_AGGRESSIVE;
				CLANG_WARN_UNREACHABLE_CODE = YES;
				CLANG_WARN__DUPLICATE_METHOD_MATCH = YES;
				COPY_PHASE_STRIP = NO;
				DEBUG_INFORMATION_FORMAT = dwarf;
				ENABLE_STRICT_OBJC_MSGSEND = YES;
				ENABLE_TESTABILITY = YES;
				ENABLE_USER_SCRIPT_SANDBOXING = YES;
				GCC_C_LANGUAGE_STANDARD = gnu17;
				GCC_DYNAMIC_NO_PIC = NO;
				GCC_NO_COMMON_BLOCKS = YES;
				GCC_OPTIMIZATION_LEVEL = 0;
				GCC_PREPROCESSOR_DEFINITIONS = (
					"DEBUG=1",
					"$(inherited)",
				);
				GCC_WARN_64_TO_32_BIT_CONVERSION = YES;
				GCC_WARN_ABOUT_RETURN_TYPE = YES_ERROR;
				GCC_WARN_UNDECLARED_SELECTOR = YES;
				GCC_WARN_UNINITIALIZED_AUTOS = YES_AGGRESSIVE;
				GCC_WARN_UNUSED_FUNCTION = YES;
				GCC_WARN_UNUSED_VARIABLE = YES;
				IPHONEOS_DEPLOYMENT_TARGET = 18.0;
				LOCALIZATION_PREFERS_STRING_CATALOGS = YES;
				MTL_ENABLE_DEBUG_INFO = INCLUDE_SOURCE;
				MTL_FAST_MATH = YES;
				ONLY_ACTIVE_ARCH = YES;
				SDKROOT = iphoneos;
				SWIFT_ACTIVE_COMPILATION_CONDITIONS = "DEBUG $(inherited)";
				SWIFT_OPTIMIZATION_LEVEL = "-Onone";
			};
			name = Debug;
		};
		633FDB0B2CB96B2A00DC5652 /* Release */ = {
			isa = XCBuildConfiguration;
			buildSettings = {
				ALWAYS_SEARCH_USER_PATHS = NO;
				ASSETCATALOG_COMPILER_GENERATE_SWIFT_ASSET_SYMBOL_EXTENSIONS = YES;
				CLANG_ANALYZER_NONNULL = YES;
				CLANG_ANALYZER_NUMBER_OBJECT_CONVERSION = YES_AGGRESSIVE;
				CLANG_CXX_LANGUAGE_STANDARD = "gnu++20";
				CLANG_ENABLE_MODULES = YES;
				CLANG_ENABLE_OBJC_ARC = YES;
				CLANG_ENABLE_OBJC_WEAK = YES;
				CLANG_WARN_BLOCK_CAPTURE_AUTORELEASING = YES;
				CLANG_WARN_BOOL_CONVERSION = YES;
				CLANG_WARN_COMMA = YES;
				CLANG_WARN_CONSTANT_CONVERSION = YES;
				CLANG_WARN_DEPRECATED_OBJC_IMPLEMENTATIONS = YES;
				CLANG_WARN_DIRECT_OBJC_ISA_USAGE = YES_ERROR;
				CLANG_WARN_DOCUMENTATION_COMMENTS = YES;
				CLANG_WARN_EMPTY_BODY = YES;
				CLANG_WARN_ENUM_CONVERSION = YES;
				CLANG_WARN_INFINITE_RECURSION = YES;
				CLANG_WARN_INT_CONVERSION = YES;
				CLANG_WARN_NON_LITERAL_NULL_CONVERSION = YES;
				CLANG_WARN_OBJC_IMPLICIT_RETAIN_SELF = YES;
				CLANG_WARN_OBJC_LITERAL_CONVERSION = YES;
				CLANG_WARN_OBJC_ROOT_CLASS = YES_ERROR;
				CLANG_WARN_QUOTED_INCLUDE_IN_FRAMEWORK_HEADER = YES;
				CLANG_WARN_RANGE_LOOP_ANALYSIS = YES;
				CLANG_WARN_STRICT_PROTOTYPES = YES;
				CLANG_WARN_SUSPICIOUS_MOVE = YES;
				CLANG_WARN_UNGUARDED_AVAILABILITY = YES_AGGRESSIVE;
				CLANG_WARN_UNREACHABLE_CODE = YES;
				CLANG_WARN__DUPLICATE_METHOD_MATCH = YES;
				COPY_PHASE_STRIP = NO;
				DEBUG_INFORMATION_FORMAT = "dwarf-with-dsym";
				ENABLE_NS_ASSERTIONS = NO;
				ENABLE_STRICT_OBJC_MSGSEND = YES;
				ENABLE_USER_SCRIPT_SANDBOXING = YES;
				GCC_C_LANGUAGE_STANDARD = gnu17;
				GCC_NO_COMMON_BLOCKS = YES;
				GCC_WARN_64_TO_32_BIT_CONVERSION = YES;
				GCC_WARN_ABOUT_RETURN_TYPE = YES_ERROR;
				GCC_WARN_UNDECLARED_SELECTOR = YES;
				GCC_WARN_UNINITIALIZED_AUTOS = YES_AGGRESSIVE;
				GCC_WARN_UNUSED_FUNCTION = YES;
				GCC_WARN_UNUSED_VARIABLE = YES;
				IPHONEOS_DEPLOYMENT_TARGET = 18.0;
				LOCALIZATION_PREFERS_STRING_CATALOGS = YES;
				MTL_ENABLE_DEBUG_INFO = NO;
				MTL_FAST_MATH = YES;
				SDKROOT = iphoneos;
				SWIFT_COMPILATION_MODE = wholemodule;
				VALIDATE_PRODUCT = YES;
			};
			name = Release;
		};
		633FDB0D2CB96B2A00DC5652 /* Debug */ = {
			isa = XCBuildConfiguration;
			buildSettings = {
				ASSETCATALOG_COMPILER_APPICON_NAME = AppIcon;
				ASSETCATALOG_COMPILER_GLOBAL_ACCENT_COLOR_NAME = AccentColor;
				CODE_SIGN_STYLE = Automatic;
				CURRENT_PROJECT_VERSION = 1;
				DEVELOPMENT_ASSET_PATHS = "\"BerryQuest/Preview Content\"";
				DEVELOPMENT_TEAM = 3W9F68ZTUJ;
				ENABLE_PREVIEWS = YES;
				GENERATE_INFOPLIST_FILE = YES;
				INFOPLIST_KEY_UIApplicationSceneManifest_Generation = YES;
				INFOPLIST_KEY_UIApplicationSupportsIndirectInputEvents = YES;
				INFOPLIST_KEY_UILaunchScreen_Generation = YES;
				INFOPLIST_KEY_UISupportedInterfaceOrientations_iPad = "UIInterfaceOrientationPortrait UIInterfaceOrientationPortraitUpsideDown UIInterfaceOrientationLandscapeLeft UIInterfaceOrientationLandscapeRight";
				INFOPLIST_KEY_UISupportedInterfaceOrientations_iPhone = "UIInterfaceOrientationPortrait UIInterfaceOrientationLandscapeLeft UIInterfaceOrientationLandscapeRight";
				LD_RUNPATH_SEARCH_PATHS = (
					"$(inherited)",
					"@executable_path/Frameworks",
				);
				MARKETING_VERSION = 1.0;
				PRODUCT_BUNDLE_IDENTIFIER = com.arpple.tistory.BerryQuest;
				PRODUCT_NAME = "$(TARGET_NAME)";
				SWIFT_EMIT_LOC_STRINGS = YES;
				SWIFT_VERSION = 5.0;
				TARGETED_DEVICE_FAMILY = "1,2";
			};
			name = Debug;
		};
		633FDB0E2CB96B2A00DC5652 /* Release */ = {
			isa = XCBuildConfiguration;
			buildSettings = {
				ASSETCATALOG_COMPILER_APPICON_NAME = AppIcon;
				ASSETCATALOG_COMPILER_GLOBAL_ACCENT_COLOR_NAME = AccentColor;
				CODE_SIGN_STYLE = Automatic;
				CURRENT_PROJECT_VERSION = 1;
				DEVELOPMENT_ASSET_PATHS = "\"BerryQuest/Preview Content\"";
				DEVELOPMENT_TEAM = 3W9F68ZTUJ;
				ENABLE_PREVIEWS = YES;
				GENERATE_INFOPLIST_FILE = YES;
				INFOPLIST_KEY_UIApplicationSceneManifest_Generation = YES;
				INFOPLIST_KEY_UIApplicationSupportsIndirectInputEvents = YES;
				INFOPLIST_KEY_UILaunchScreen_Generation = YES;
				INFOPLIST_KEY_UISupportedInterfaceOrientations_iPad = "UIInterfaceOrientationPortrait UIInterfaceOrientationPortraitUpsideDown UIInterfaceOrientationLandscapeLeft UIInterfaceOrientationLandscapeRight";
				INFOPLIST_KEY_UISupportedInterfaceOrientations_iPhone = "UIInterfaceOrientationPortrait UIInterfaceOrientationLandscapeLeft UIInterfaceOrientationLandscapeRight";
				LD_RUNPATH_SEARCH_PATHS = (
					"$(inherited)",
					"@executable_path/Frameworks",
				);
				MARKETING_VERSION = 1.0;
				PRODUCT_BUNDLE_IDENTIFIER = com.arpple.tistory.BerryQuest;
				PRODUCT_NAME = "$(TARGET_NAME)";
				SWIFT_EMIT_LOC_STRINGS = YES;
				SWIFT_VERSION = 5.0;
				TARGETED_DEVICE_FAMILY = "1,2";
			};
			name = Release;
		};
		633FDB102CB96B2A00DC5652 /* Debug */ = {
			isa = XCBuildConfiguration;
			buildSettings = {
				BUNDLE_LOADER = "$(TEST_HOST)";
				CODE_SIGN_STYLE = Automatic;
				CURRENT_PROJECT_VERSION = 1;
				DEVELOPMENT_TEAM = 3W9F68ZTUJ;
				GENERATE_INFOPLIST_FILE = YES;
				IPHONEOS_DEPLOYMENT_TARGET = 18.0;
				MARKETING_VERSION = 1.0;
				PRODUCT_BUNDLE_IDENTIFIER = com.arpple.tistory.BerryQuestTests;
				PRODUCT_NAME = "$(TARGET_NAME)";
				SWIFT_EMIT_LOC_STRINGS = NO;
				SWIFT_VERSION = 5.0;
				TARGETED_DEVICE_FAMILY = "1,2";
				TEST_HOST = "$(BUILT_PRODUCTS_DIR)/BerryQuest.app/$(BUNDLE_EXECUTABLE_FOLDER_PATH)/BerryQuest";
			};
			name = Debug;
		};
		633FDB112CB96B2A00DC5652 /* Release */ = {
			isa = XCBuildConfiguration;
			buildSettings = {
				BUNDLE_LOADER = "$(TEST_HOST)";
				CODE_SIGN_STYLE = Automatic;
				CURRENT_PROJECT_VERSION = 1;
				DEVELOPMENT_TEAM = 3W9F68ZTUJ;
				GENERATE_INFOPLIST_FILE = YES;
				IPHONEOS_DEPLOYMENT_TARGET = 18.0;
				MARKETING_VERSION = 1.0;
				PRODUCT_BUNDLE_IDENTIFIER = com.arpple.tistory.BerryQuestTests;
				PRODUCT_NAME = "$(TARGET_NAME)";
				SWIFT_EMIT_LOC_STRINGS = NO;
				SWIFT_VERSION = 5.0;
				TARGETED_DEVICE_FAMILY = "1,2";
				TEST_HOST = "$(BUILT_PRODUCTS_DIR)/BerryQuest.app/$(BUNDLE_EXECUTABLE_FOLDER_PATH)/BerryQuest";
			};
			name = Release;
		};
		633FDB132CB96B2A00DC5652 /* Debug */ = {
			isa = XCBuildConfiguration;
			buildSettings = {
				CODE_SIGN_STYLE = Automatic;
				CURRENT_PROJECT_VERSION = 1;
				DEVELOPMENT_TEAM = 3W9F68ZTUJ;
				GENERATE_INFOPLIST_FILE = YES;
				MARKETING_VERSION = 1.0;
				PRODUCT_BUNDLE_IDENTIFIER = com.arpple.tistory.BerryQuestUITests;
				PRODUCT_NAME = "$(TARGET_NAME)";
				SWIFT_EMIT_LOC_STRINGS = NO;
				SWIFT_VERSION = 5.0;
				TARGETED_DEVICE_FAMILY = "1,2";
				TEST_TARGET_NAME = BerryQuest;
			};
			name = Debug;
		};
		633FDB142CB96B2A00DC5652 /* Release */ = {
			isa = XCBuildConfiguration;
			buildSettings = {
				CODE_SIGN_STYLE = Automatic;
				CURRENT_PROJECT_VERSION = 1;
				DEVELOPMENT_TEAM = 3W9F68ZTUJ;
				GENERATE_INFOPLIST_FILE = YES;
				MARKETING_VERSION = 1.0;
				PRODUCT_BUNDLE_IDENTIFIER = com.arpple.tistory.BerryQuestUITests;
				PRODUCT_NAME = "$(TARGET_NAME)";
				SWIFT_EMIT_LOC_STRINGS = NO;
				SWIFT_VERSION = 5.0;
				TARGETED_DEVICE_FAMILY = "1,2";
				TEST_TARGET_NAME = BerryQuest;
			};
			name = Release;
		};
/* End XCBuildConfiguration section */

/* Begin XCConfigurationList section */
		633FDAE32CB96B2900DC5652 /* Build configuration list for PBXProject "BerryQuest" */ = {
			isa = XCConfigurationList;
			buildConfigurations = (
				633FDB0A2CB96B2A00DC5652 /* Debug */,
				633FDB0B2CB96B2A00DC5652 /* Release */,
			);
			defaultConfigurationIsVisible = 0;
			defaultConfigurationName = Release;
		};
		633FDB0C2CB96B2A00DC5652 /* Build configuration list for PBXNativeTarget "BerryQuest" */ = {
			isa = XCConfigurationList;
			buildConfigurations = (
				633FDB0D2CB96B2A00DC5652 /* Debug */,
				633FDB0E2CB96B2A00DC5652 /* Release */,
			);
			defaultConfigurationIsVisible = 0;
			defaultConfigurationName = Release;
		};
		633FDB0F2CB96B2A00DC5652 /* Build configuration list for PBXNativeTarget "BerryQuestTests" */ = {
			isa = XCConfigurationList;
			buildConfigurations = (
				633FDB102CB96B2A00DC5652 /* Debug */,
				633FDB112CB96B2A00DC5652 /* Release */,
			);
			defaultConfigurationIsVisible = 0;
			defaultConfigurationName = Release;
		};
		633FDB122CB96B2A00DC5652 /* Build configuration list for PBXNativeTarget "BerryQuestUITests" */ = {
			isa = XCConfigurationList;
			buildConfigurations = (
				633FDB132CB96B2A00DC5652 /* Debug */,
				633FDB142CB96B2A00DC5652 /* Release */,
			);
			defaultConfigurationIsVisible = 0;
			defaultConfigurationName = Release;
		};
/* End XCConfigurationList section */
	};
	rootObject = 633FDAE02CB96B2900DC5652 /* Project object */;
}
